github.com/wowchemy/wowchemy-hugo-modules/netlify-cms-academic v0.0.0-20201228231801-219b05cbd2c4 h1:taX+pKqywm2nxmGsVZNj2OCoW39yzLJHwfC4e3j2PO0=
github.com/wowchemy/wowchemy-hugo-modules/netlify-cms-academic v0.0.0-20201228231801-219b05cbd2c4/go.mod h1:TU3QDPUdBSQnvDP5QVCwjAkBIdVMS/bKFA8jr3eI5AY=
github.com/wowchemy/wowchemy-hugo-modules/netlify-cms-academic v0.0.0-20210127175625-9e984eca83db h1:92Xob8nvF1k+X8AJAV5cm4lf7vjGU6emCilL1MWNbh0=
github.com/wowchemy/wowchemy-hugo-modules/netlify-cms-academic v0.0.0-20210127175625-9e984eca83db/go.mod h1:TU3QDPUdBSQnvDP5QVCwjAkBIdVMS/bKFA8jr3eI5AY=
github.com/wowchemy/wowchemy-hugo-modules/wowchemy v0.0.0-20201228231801-219b05cbd2c4 h1:EIk8PqNiLg1YcddZWwh2Khgvfkxh5KSX5hNsI7UBJVM=
github.com/wowchemy/wowchemy-hugo-modules/wowchemy v0.0.0-20201228231801-219b05cbd2c4/go.mod h1:H22qfH9qj3FWwsk7+bAZpmT24yRGNQURah2/IRwjbn8=
